
Microsoft Visual Studio Solution File, Format Version 12.00
# Visual Studio Version 16
VisualStudioVersion = 16.0.29806.167
MinimumVisualStudioVersion = 10.0.40219.1
Project("{FAE04EC0-301F-11D3-BF4B-00C04F79EFBC}") = "CRM-web", "CRM-web\CRM-web.csproj", "{46CD0467-3245-49A7-9288-C8A81D3D7267}"
EndProject
Global
	GlobalSection(SolutionConfigurationPlatforms) = preSolution
		Debug|Any CPU = Debug|Any CPU
		Release|Any CPU = Release|Any CPU
	EndGlobalSection
	GlobalSection(ProjectConfigurationPlatforms) = postSolution
		{46CD0467-3245-49A7-9288-C8A81D3D7267}.Debug|Any CPU.ActiveCfg = Debug|Any CPU
		{46CD0467-3245-49A7-9288-C8A81D3D7267}.Debug|Any CPU.Build.0 = Debug|Any CPU
		{46CD0467-3245-49A7-9288-C8A81D3D7267}.Release|Any CPU.ActiveCfg = Release|Any CPU
		{46CD0467-3245-49A7-9288-C8A81D3D7267}.Release|Any CPU.Build.0 = Release|Any CPU
	EndGlobalSection
	GlobalSection(SolutionProperties) = preSolution
		HideSolutionNode = FALSE
	EndGlobalSection
	GlobalSection(ExtensibilityGlobals) = postSolution
		SolutionGuid = {EAE9D653-2340-49D8-A865-2886C03CCDB1}
	EndGlobalSection
EndGlobal
